github.com/barklan/hugo-dead-simple v0.0.0-20220427181756-78b59465b2cc h1:lG9ElVn/W9aAF/fTKBspY9772/wN9b0V7Mk/jfxHvOU=
github.com/barklan/hugo-dead-simple v0.0.0-20220427181756-78b59465b2cc/go.mod h1:Ql5njM3SwZWMqWD1bt6UQoebKHIuRt37HeEkiWMUxXo=
github.com/barklan/hugo-dead-simple v0.0.0-20220516115228-a83eff272d33 h1:wvOboKBKfM4yLzgrXSUbvp2rQxoxWU3MQEt8PA7Mcmo=
github.com/barklan/hugo-dead-simple v0.0.0-20220516115228-a83eff272d33/go.mod h1:Ql5njM3SwZWMqWD1bt6UQoebKHIuRt37HeEkiWMUxXo=
github.com/barklan/hugo-dead-simple v0.0.0-20220522064443-f1793b70b5cb h1:17VRbCpLHkmSwbc0Xacb5+TPxk7/QrzD0PkldwKRCQY=
github.com/barklan/hugo-dead-simple v0.0.0-20220522064443-f1793b70b5cb/go.mod h1:Ql5njM3SwZWMqWD1bt6UQoebKHIuRt37HeEkiWMUxXo=
github.com/barklan/hugo-dead-simple v0.0.0-20220608203056-c8800521f5a8 h1:lkZC6Fp0DKFC+1vkuBtIq8EluKFsEbPddDWEyzMbsxs=
github.com/barklan/hugo-dead-simple v0.0.0-20220608203056-c8800521f5a8/go.mod h1:Ql5njM3SwZWMqWD1bt6UQoebKHIuRt37HeEkiWMUxXo=
github.com/barklan/hugo-dead-simple v0.0.0-20220608203658-2afc61d1db64 h1:rHPg2TgfFxQnR9CqQ5XBrKYShLAvUkkSdyLGNz4Q67w=
github.com/barklan/hugo-dead-simple v0.0.0-20220608203658-2afc61d1db64/go.mod h1:Ql5njM3SwZWMqWD1bt6UQoebKHIuRt37HeEkiWMUxXo=
github.com/barklan/hugo-dead-simple v0.0.0-20220608205832-7953a256b54e h1:T228EgmtQiQKJNq2KcVMnEu0lL1DG/uYXC85ycYhL9w=
github.com/barklan/hugo-dead-simple v0.0.0-20220608205832-7953a256b54e/go.mod h1:Ql5njM3SwZWMqWD1bt6UQoebKHIuRt37HeEkiWMUxXo=
