github.com/barklan/hugo-dead-simple v0.0.0-20230602185944-b926b055264b h1:OA/VWMGI43DR6Y5N/As9cgToR65A8CksOUWLnQXAukw=
github.com/barklan/hugo-dead-simple v0.0.0-20230602185944-b926b055264b/go.mod h1:Ql5njM3SwZWMqWD1bt6UQoebKHIuRt37HeEkiWMUxXo=
github.com/barklan/hugo-dead-simple v0.0.0-20230625215521-7a8c9d444f15 h1:NVMnVY01N0DsrslYuvb4wSMMC629Jxy4AmfVgoGioPw=
github.com/barklan/hugo-dead-simple v0.0.0-20230625215521-7a8c9d444f15/go.mod h1:Ql5njM3SwZWMqWD1bt6UQoebKHIuRt37HeEkiWMUxXo=
github.com/barklan/hugo-dead-simple v0.0.0-20230701112536-97f49a09d2c0 h1:VZJs8J/5fZSKY2DeENzFstkjXwBGeOwU0SjQYktb20o=
github.com/barklan/hugo-dead-simple v0.0.0-20230701112536-97f49a09d2c0/go.mod h1:Ql5njM3SwZWMqWD1bt6UQoebKHIuRt37HeEkiWMUxXo=
github.com/barklan/hugo-dead-simple v0.0.0-20230701142325-4b38da2ded82 h1:n8xF9OCM6yHhcLtMBqoWF3kbvgjIcAH0CllY1U/r/TY=
github.com/barklan/hugo-dead-simple v0.0.0-20230701142325-4b38da2ded82/go.mod h1:Ql5njM3SwZWMqWD1bt6UQoebKHIuRt37HeEkiWMUxXo=
github.com/barklan/hugo-dead-simple v1.16.1 h1:/s6e0fYFIsUpTjzXQZxlhhgf/XMTt7soPf7OkLBqj7w=
github.com/barklan/hugo-dead-simple v1.16.1/go.mod h1:Ql5njM3SwZWMqWD1bt6UQoebKHIuRt37HeEkiWMUxXo=
