github.com/barklan/hugo-dead-simple v0.0.0-20220427181756-78b59465b2cc h1:lG9ElVn/W9aAF/fTKBspY9772/wN9b0V7Mk/jfxHvOU=
github.com/barklan/hugo-dead-simple v0.0.0-20220427181756-78b59465b2cc/go.mod h1:Ql5njM3SwZWMqWD1bt6UQoebKHIuRt37HeEkiWMUxXo=
github.com/barklan/hugo-dead-simple v0.0.0-20220516115228-a83eff272d33 h1:wvOboKBKfM4yLzgrXSUbvp2rQxoxWU3MQEt8PA7Mcmo=
github.com/barklan/hugo-dead-simple v0.0.0-20220516115228-a83eff272d33/go.mod h1:Ql5njM3SwZWMqWD1bt6UQoebKHIuRt37HeEkiWMUxXo=
github.com/barklan/hugo-dead-simple v0.0.0-20220522064443-f1793b70b5cb h1:17VRbCpLHkmSwbc0Xacb5+TPxk7/QrzD0PkldwKRCQY=
github.com/barklan/hugo-dead-simple v0.0.0-20220522064443-f1793b70b5cb/go.mod h1:Ql5njM3SwZWMqWD1bt6UQoebKHIuRt37HeEkiWMUxXo=
